{
  "version": 4,
  "terraform_version": "1.14.3",
  "serial": 41,
  "lineage": "d200f512-c264-5201-44eb-fdcee97803aa",
  "outputs": {
    "api_base_url": {
      "value": "http://43.98.196.158",
      "type": "string"
    },
    "database_url": {
      "value": "postgresql+psycopg://ps_admin:ChangeMe_Pg_2026!@pgm-gs51yx3co386tx40.pgsql.singapore.rds.aliyuncs.com:5432/public_sector",
      "type": "string",
      "sensitive": true
    },
    "ecs_public_ip": {
      "value": "47.236.130.178",
      "type": "string"
    },
    "rds_connection_string": {
      "value": "pgm-gs51yx3co386tx40.pgsql.singapore.rds.aliyuncs.com",
      "type": "string"
    },
    "rds_port": {
      "value": "5432",
      "type": "string"
    },
    "redis_connection_domain": {
      "value": "r-gs520b7896ef3314.redis.singapore.rds.aliyuncs.com",
      "type": "string"
    },
    "redis_url": {
      "value": "redis://:ChangeMe_Redis_2026!@r-gs520b7896ef3314.redis.singapore.rds.aliyuncs.com:6379/0",
      "type": "string",
      "sensitive": true
    },
    "slb_public_ip": {
      "value": "43.98.196.158",
      "type": "string"
    },
    "vneid_base_url": {
      "value": "http://43.98.196.158:9000",
      "type": "string"
    },
    "vpc_id": {
      "value": "vpc-t4no85ic4x617rhk452rw",
      "type": "string"
    }
  },
  "resources": [
    {
      "mode": "data",
      "type": "alicloud_images",
      "name": "ubuntu",
      "provider": "provider[\"registry.terraform.io/aliyun/alicloud\"]",
      "instances": [
        {
          "schema_version": 0,
          "attributes": {
            "action_type": null,
            "architecture": "x86_64",
            "dry_run": null,
            "id": "2179125380",
            "ids": [
              "ubuntu_22_04_x64_20G_alibase_20260316.vhd"
            ],
            "image_family": null,
            "image_id": null,
            "image_name": null,
            "image_owner_id": null,
            "images": [
              {
                "architecture": "x86_64",
                "creation_time": "2026-03-20T01:44:10Z",
                "description": "Kernel version is 5.15.0-173-generic, 2026.3.20",
                "disk_device_mappings": [],
                "id": "ubuntu_22_04_x64_20G_alibase_20260316.vhd",
                "image_id": "ubuntu_22_04_x64_20G_alibase_20260316.vhd",
                "image_owner_alias": "system",
                "image_version": "v2026.3.20",
                "is_copied": false,
                "is_self_shared": "",
                "is_subscribed": false,
                "is_support_io_optimized": true,
                "name": "ubuntu_22_04_x64_20G_alibase_20260316.vhd",
                "os_name": "Ubuntu  22.04 64位",
                "os_name_en": "Ubuntu  22.04 64 bit",
                "os_type": "linux",
                "platform": "Ubuntu",
                "product_code": "",
                "progress": "100%",
                "size": 20,
                "state": "Available",
                "status": "Available",
                "tags": {},
                "usage": "instance"
              }
            ],
            "instance_type": null,
            "is_support_cloud_init": null,
            "is_support_io_optimized": null,
            "most_recent": true,
            "name_regex": "^ubuntu_22_04_x64_20G",
            "os_type": null,
            "output_file": null,
            "owners": "system",
            "resource_group_id": null,
            "snapshot_id": null,
            "status": "Available",
            "tags": null,
            "timeouts": null,
            "usage": null
          },
          "sensitive_attributes": [],
          "identity_schema_version": 0
        }
      ]
    },
    {
      "mode": "managed",
      "type": "alicloud_db_connection",
      "name": "main",
      "provider": "provider[\"registry.terraform.io/aliyun/alicloud\"]",
      "instances": [
        {
          "schema_version": 0,
          "attributes": {
            "babelfish_port": null,
            "connection_prefix": "public-sector-dev",
            "connection_string": "public-sector-dev.pgsql.singapore.rds.aliyuncs.com",
            "id": "pgm-gs51yx3co386tx40:public-sector-dev",
            "instance_id": "pgm-gs51yx3co386tx40",
            "ip_address": "43.107.68.3",
            "port": "3306"
          },
          "sensitive_attributes": [],
          "identity_schema_version": 0,
          "private": "bnVsbA==",
          "dependencies": [
            "alicloud_db_instance.postgres",
            "alicloud_vpc.main",
            "alicloud_vswitch.main"
          ]
        }
      ]
    },
    {
      "mode": "managed",
      "type": "alicloud_db_database",
      "name": "main",
      "provider": "provider[\"registry.terraform.io/aliyun/alicloud\"]",
      "instances": [
        {
          "schema_version": 0,
          "attributes": {
            "character_set": "UTF8,C,en_US.utf8",
            "data_base_name": "public_sector",
            "description": "",
            "id": "pgm-gs51yx3co386tx40:public_sector",
            "instance_id": "pgm-gs51yx3co386tx40",
            "name": "public_sector",
            "status": "Running",
            "timeouts": null
          },
          "sensitive_attributes": [],
          "identity_schema_version": 0,
          "private": "eyJlMmJmYjczMC1lY2FhLTExZTYtOGY4OC0zNDM2M2JjN2M0YzAiOnsiY3JlYXRlIjozMDAwMDAwMDAwMDAsImRlbGV0ZSI6MzAwMDAwMDAwMDAwLCJ1cGRhdGUiOjMwMDAwMDAwMDAwMH19",
          "dependencies": [
            "alicloud_db_instance.postgres",
            "alicloud_rds_account.admin",
            "alicloud_vpc.main",
            "alicloud_vswitch.main"
          ]
        }
      ]
    },
    {
      "mode": "managed",
      "type": "alicloud_db_instance",
      "name": "postgres",
      "provider": "provider[\"registry.terraform.io/aliyun/alicloud\"]",
      "instances": [
        {
          "schema_version": 0,
          "attributes": {
            "acl": "",
            "auto_renew": null,
            "auto_renew_period": null,
            "auto_upgrade_minor_version": "Auto",
            "babelfish_config": [],
            "babelfish_port": null,
            "bursting_enabled": false,
            "ca_type": "",
            "category": "Basic",
            "client_ca_cert": "",
            "client_ca_enabled": 0,
            "client_cert_revocation_list": "",
            "client_crl_enabled": 0,
            "cold_data_enabled": false,
            "connection_string": "pgm-gs51yx3co386tx40.pgsql.singapore.rds.aliyuncs.com",
            "connection_string_prefix": "pgm-gs51yx3co386tx40",
            "create_time": "2026-04-13T16:58:22Z",
            "db_instance_ip_array_attribute": "",
            "db_instance_ip_array_name": "",
            "db_instance_storage_type": "cloud_essd",
            "db_instance_type": "Primary",
            "db_is_ignore_case": null,
            "db_param_group_id": "",
            "db_time_zone": "Asia/Singapore",
            "deletion_protection": false,
            "direction": null,
            "effective_time": null,
            "encryption_key": "",
            "engine": "PostgreSQL",
            "engine_version": "16.0",
            "force": null,
            "force_restart": false,
            "fresh_white_list_readins": null,
            "ha_config": "Auto",
            "id": "pgm-gs51yx3co386tx40",
            "instance_charge_type": "Postpaid",
            "instance_name": "public-sector-dev-pg",
            "instance_storage": 20,
            "instance_type": "pg.n2.2c.1m",
            "maintain_time": "18:00Z-22:00Z",
            "manual_ha_time": "",
            "modify_mode": null,
            "monitoring_period": 300,
            "node_id": "103799295",
            "optimized_writes": null,
            "parameters": [],
            "period": 0,
            "pg_bouncer_enabled": false,
            "pg_hba_conf": [],
            "port": "5432",
            "private_ip_address": "10.0.1.130",
            "recovery_model": "",
            "released_keep_policy": null,
            "replication_acl": "",
            "resource_group_id": "rg-acfnu6dxkblixsy",
            "role_arn": null,
            "security_group_id": null,
            "security_group_ids": [],
            "security_ip_mode": "normal",
            "security_ip_type": "",
            "security_ips": [
              "10.0.0.0/16"
            ],
            "server_cert": "",
            "server_key": "",
            "serverless_config": [],
            "sql_collector_config_value": 0,
            "sql_collector_status": "Disabled",
            "ssl_action": "Close",
            "ssl_connection_string": "",
            "ssl_status": "",
            "status": "Running",
            "storage_auto_scale": "",
            "storage_threshold": 0,
            "storage_upper_bound": 0,
            "switch_time": null,
            "tags": {
              "Environment": "dev",
              "Project": "public-sector"
            },
            "target_minor_version": "rds_postgres_1600_20260228",
            "tcp_connection_type": "LONG",
            "tde_encryption_key": null,
            "tde_status": "Disabled",
            "template_id_list": [],
            "templates": [],
            "timeouts": null,
            "upgrade_db_instance_kernel_version": null,
            "upgrade_time": null,
            "vpc_id": "vpc-t4no85ic4x617rhk452rw",
            "vswitch_id": "vsw-t4ncstpexd6k9jexuhg8a",
            "whitelist_network_type": "",
            "zone_id": "ap-southeast-1c",
            "zone_id_slave_a": null,
            "zone_id_slave_b": null
          },
          "sensitive_attributes": [
            [
              {
                "type": "get_attr",
                "value": "client_ca_cert"
              }
            ],
            [
              {
                "type": "get_attr",
                "value": "server_cert"
              }
            ]
          ],
          "identity_schema_version": 0,
          "private": "eyJlMmJmYjczMC1lY2FhLTExZTYtOGY4OC0zNDM2M2JjN2M0YzAiOnsiY3JlYXRlIjozMDAwMDAwMDAwMDAwLCJkZWxldGUiOjE4MDAwMDAwMDAwMDAsInVwZGF0ZSI6MTgwMDAwMDAwMDAwMH19",
          "dependencies": [
            "alicloud_vpc.main",
            "alicloud_vswitch.main"
          ]
        }
      ]
    },
    {
      "mode": "managed",
      "type": "alicloud_instance",
      "name": "backend",
      "provider": "provider[\"registry.terraform.io/aliyun/alicloud\"]",
      "instances": [
        {
          "schema_version": 0,
          "attributes": {
            "allocate_public_ip": null,
            "auto_release_time": "",
            "auto_renew_period": 0,
            "availability_zone": "ap-southeast-1c",
            "cpu": 1,
            "cpu_options": [
              {
                "core_count": 1,
                "threads_per_core": 1,
                "topology_type": ""
              }
            ],
            "create_time": "2026-04-13T17:07Z",
            "credit_specification": "Standard",
            "data_disks": [],
            "dedicated_host_id": "",
            "deletion_protection": false,
            "deployment_set_group_no": null,
            "deployment_set_id": "",
            "description": "",
            "dry_run": false,
            "enable_jumbo_frame": false,
            "expired_time": "2099-12-31T15:59Z",
            "force_delete": null,
            "host_name": "iZt4n1gsr1cgrpj6dzbspjZ",
            "hpc_cluster_id": "",
            "http_endpoint": "",
            "http_put_response_hop_limit": 0,
            "http_tokens": "",
            "id": "i-t4n1gsr1cgrpj6dzbspj",
            "image_id": "ubuntu_22_04_x64_20G_alibase_20260316.vhd",
            "image_options": [
              {
                "login_as_non_root": false
              }
            ],
            "include_data_disks": null,
            "instance_charge_type": "PostPaid",
            "instance_name": "public-sector-dev-backend",
            "instance_type": "ecs.t5-lc1m1.small",
            "internet_charge_type": "PayByTraffic",
            "internet_max_bandwidth_in": 200,
            "internet_max_bandwidth_out": 10,
            "io_optimized": null,
            "ipv6_address_count": 0,
            "ipv6_addresses": [],
            "is_outdated": null,
            "key_name": "",
            "kms_encrypted_password": null,
            "kms_encryption_context": null,
            "launch_template_id": null,
            "launch_template_name": null,
            "launch_template_version": null,
            "maintenance_action": "AutoRecover",
            "maintenance_notify": false,
            "maintenance_time": [],
            "memory": 1024,
            "network_card_index": null,
            "network_interface_id": "eni-t4n1gsr1cgrpj6dz1qw8",
            "network_interface_traffic_mode": "Standard",
            "network_interfaces": [],
            "operator_type": null,
            "os_name": "Ubuntu  22.04 64位",
            "os_type": "linux",
            "password": "ChangeMe_Ecs_2026!",
            "password_inherit": null,
            "period": null,
            "period_unit": "",
            "primary_ip_address": "10.0.1.131",
            "private_ip": "10.0.1.131",
            "private_pool_options_id": "",
            "private_pool_options_match_criteria": "None",
            "public_ip": "47.236.130.178",
            "queue_pair_number": 0,
            "renewal_status": "",
            "resource_group_id": "",
            "role_name": "",
            "secondary_private_ip_address_count": 0,
            "secondary_private_ips": [],
            "security_enhancement_strategy": null,
            "security_groups": [
              "sg-t4nfft3dg2ljsj74e06l"
            ],
            "spot_duration": 0,
            "spot_interruption_behavior": "",
            "spot_price_limit": 0,
            "spot_strategy": "NoSpot",
            "start_time": "2026-04-13T17:07Z",
            "status": "Running",
            "stopped_mode": "Not-applicable",
            "subnet_id": "vsw-t4ncstpexd6k9jexuhg8a",
            "system_disk_auto_snapshot_policy_id": "",
            "system_disk_bursting_enabled": null,
            "system_disk_category": "cloud_efficiency",
            "system_disk_description": "",
            "system_disk_encrypt_algorithm": null,
            "system_disk_encrypted": false,
            "system_disk_id": "d-t4n1gsr1cgrpj6e1nyxm",
            "system_disk_kms_key_id": "",
            "system_disk_name": "",
            "system_disk_performance_level": "",
            "system_disk_provisioned_iops": 0,
            "system_disk_size": 40,
            "system_disk_storage_cluster_id": "",
            "tags": {
              "Environment": "dev",
              "Project": "public-sector",
              "Role": "backend"
            },
            "timeouts": null,
            "user_data": "I2Nsb3VkLWNvbmZpZwpwYWNrYWdlX3VwZGF0ZTogdHJ1ZQpwYWNrYWdlczoKICAtIGRvY2tlci5pbwogIC0gZG9ja2VyLWNvbXBvc2UtcGx1Z2luCgpydW5jbWQ6CiAgLSBzeXN0ZW1jdGwgZW5hYmxlIGRvY2tlcgogIC0gc3lzdGVtY3RsIHN0YXJ0IGRvY2tlcgoKICAjIENyZWF0ZSBkYXRhIGRpcmVjdG9yaWVzCiAgLSBta2RpciAtcCAvb3B0L3B1YmxpYy1zZWN0b3IgL2RhdGEvdXBsb2FkcwoKICAjIENyZWF0ZSBlbnYgZmlsZSBmb3IgdGhlIGJhY2tlbmQgY29udGFpbmVyCiAgLSB8CiAgICBjYXQgPiAvb3B0L3B1YmxpYy1zZWN0b3IvLmVudiA8PCAnRU5WRU9GJwogICAgREFUQUJBU0VfVVJMPXBvc3RncmVzcWwrcHN5Y29wZzovL3BzX2FkbWluOkNoYW5nZU1lX1BnXzIwMjYhQHBnbS1nczUxeXgzY28zODZ0eDQwLnBnc3FsLnNpbmdhcG9yZS5yZHMuYWxpeXVuY3MuY29tOjM0MzIvcHVibGljX3NlY3RvcgogICAgUkVESVNfVVJMPXJlZGlzOi8vOkNoYW5nZU1lX1JlZGlzXzIwMjYhQHItZ3M1MjBiNzg5NmVmMzMxNC5yZWRpcy5zaW5nYXBvcmUucmRzLmFsaXl1bmNzLmNvbTo2Mzc5LzAKICAgIENFTEVSWV9SRVNVTFRfQkFDS0VORD1yZWRpczovLzpDaGFuZ2VNZV9SZWRpc18yMDI2IUByLWdzNTIwYjc4OTZlZjMzMTQucmVkaXMuc2luZ2Fwb3JlLnJkcy5hbGl5dW5jcy5jb206NjM3OS8xCiAgICBTVE9SQUdFX0JBQ0tFTkQ9bG9jYWwKICAgIExPQ0FMX1NUT1JBR0VfUEFUSD0vZGF0YS91cGxvYWRzCiAgICBKV1RfU0VDUkVUX0tFWT1jaGFuZ2UtbWUtdG8tYS1sb25nLXJhbmRvbS1zdHJpbmctaW4tcHJvZHVjdGlvbgogICAgREFTSFNDT1BFX0FQSV9LRVk9c2stMmEzNWU1Yjk4NjgyNDJiM2IxN2Y5YjYxYWI3NTFkNzkKICAgIFZORUlEX0JBU0VfVVJMPWh0dHA6Ly9tb2NrLXZuZWlkOjkwMDAKICAgIFZORUlEX0NMSUVOVF9JRD1jaXRpemVuLWFwcAogICAgVk5FSURfQ0xJRU5UX1NFQ1JFVD1tb2NrLXNlY3JldAogICAgRU5WRU9GCgogICMgQ3JlYXRlIGRvY2tlci1jb21wb3NlIChpbWFnZXMgbG9hZGVkIHZpYSBkZXBsb3kuc2gpCiAgLSB8CiAgICBjYXQgPiAvb3B0L3B1YmxpYy1zZWN0b3IvZG9ja2VyLWNvbXBvc2UueW1sIDw8ICdDT01QT1NFRU9GJwogICAgc2VydmljZXM6CiAgICAgIGJhY2tlbmQ6CiAgICAgICAgaW1hZ2U6IHBzLWJhY2tlbmQ6bGF0ZXN0CiAgICAgICAgcmVzdGFydDogYWx3YXlzCiAgICAgICAgcG9ydHM6CiAgICAgICAgICAtICI4MDAwOjgwMDAiCiAgICAgICAgZW52X2ZpbGU6IC5lbnYKICAgICAgICB2b2x1bWVzOgogICAgICAgICAgLSB1cGxvYWRzOi9kYXRhL3VwbG9hZHMKICAgICAgICBkZXBlbmRzX29uOgogICAgICAgICAgLSBtb2NrLXZuZWlkCiAgICAgICAgY29tbWFuZDogPgogICAgICAgICAgdXZpY29ybiBzcmMubWFpbjphcHAKICAgICAgICAgIC0taG9zdCAwLjAuMC4wCiAgICAgICAgICAtLXBvcnQgODAwMAogICAgICAgICAgLS13b3JrZXJzIDIKCiAgICAgIGNlbGVyeS13b3JrZXI6CiAgICAgICAgaW1hZ2U6IHBzLWJhY2tlbmQ6bGF0ZXN0CiAgICAgICAgcmVzdGFydDogYWx3YXlzCiAgICAgICAgZW52X2ZpbGU6IC5lbnYKICAgICAgICB2b2x1bWVzOgogICAgICAgICAgLSB1cGxvYWRzOi9kYXRhL3VwbG9hZHMKICAgICAgICBjb21tYW5kOiA+CiAgICAgICAgICBjZWxlcnkgLUEgc3JjLndvcmtlcnMuY2VsZXJ5X2FwcCB3b3JrZXIKICAgICAgICAgIC0tbG9nbGV2ZWw9aW5mbwogICAgICAgICAgLS1jb25jdXJyZW5jeT0yCgogICAgICBtb2NrLXZuZWlkOgogICAgICAgIGltYWdlOiBwcy1tb2NrLXZuZWlkOmxhdGVzdAogICAgICAgIHJlc3RhcnQ6IGFsd2F5cwogICAgICAgIHBvcnRzOgogICAgICAgICAgLSAiOTAwMDo5MDAwIgogICAgICAgIGVudmlyb25tZW50OgogICAgICAgICAgVk5FSURfSldUX1NFQ1JFVDogbW9jay12bmVpZC1zZWNyZXQta2V5CgogICAgdm9sdW1lczoKICAgICAgdXBsb2FkczoKICAgIENPTVBPU0VFT0YKCiAgIyBTdGFydCBzZXJ2aWNlcyAoaW1hZ2UgbXVzdCBiZSBwdXNoZWQgZmlyc3QgdmlhIGRlcGxveSBzY3JpcHQpCiAgLSBjZCAvb3B0L3B1YmxpYy1zZWN0b3IgJiYgZG9ja2VyIGNvbXBvc2UgcHVsbCAmJiBkb2NrZXIgY29tcG9zZSB1cCAtZCB8fCB0cnVlCg==",
            "volume_tags": {
              "Environment": "dev",
              "Project": "public-sector",
              "Role": "backend"
            },
            "vpc_id": "vpc-t4no85ic4x617rhk452rw",
            "vswitch_id": "vsw-t4ncstpexd6k9jexuhg8a"
          },
          "sensitive_attributes": [
            [
              {
                "type": "get_attr",
                "value": "password"
              }
            ],
            [
              {
                "type": "get_attr",
                "value": "user_data"
              }
            ]
          ],
          "identity_schema_version": 0,
          "private": "eyJlMmJmYjczMC1lY2FhLTExZTYtOGY4OC0zNDM2M2JjN2M0YzAiOnsiY3JlYXRlIjo2MDAwMDAwMDAwMDAsImRlbGV0ZSI6MTIwMDAwMDAwMDAwMCwidXBkYXRlIjo2MDAwMDAwMDAwMDB9fQ==",
          "dependencies": [
            "alicloud_db_instance.postgres",
            "alicloud_kvstore_instance.redis",
            "alicloud_security_group.backend",
            "alicloud_vpc.main",
            "alicloud_vswitch.main",
            "data.alicloud_images.ubuntu"
          ]
        }
      ]
    },
    {
      "mode": "managed",
      "type": "alicloud_kvstore_instance",
      "name": "redis",
      "provider": "provider[\"registry.terraform.io/aliyun/alicloud\"]",
      "instances": [
        {
          "schema_version": 0,
          "attributes": {
            "auto_renew": null,
            "auto_renew_period": null,
            "auto_use_coupon": null,
            "availability_zone": "ap-southeast-1c",
            "backup_id": null,
            "backup_period": [
              "Friday",
              "Monday",
              "Saturday",
              "Sunday",
              "Thursday",
              "Tuesday",
              "Wednesday"
            ],
            "backup_time": "23:00Z-24:00Z",
            "bandwidth": 10,
            "business_info": null,
            "capacity": 256,
            "config": {
              "EvictionPolicy": "volatile-lru",
              "hash-max-ziplist-entries": "512",
              "hash-max-ziplist-value": "64",
              "list-max-ziplist-entries": "512",
              "list-max-ziplist-value": "64",
              "set-max-intset-entries": "512",
              "zset-max-ziplist-entries": "128",
              "zset-max-ziplist-value": "64"
            },
            "connection_domain": "r-gs520b7896ef3314.redis.singapore.rds.aliyuncs.com",
            "connection_string": "",
            "connection_string_prefix": null,
            "coupon_no": null,
            "db_instance_name": "public-sector-dev-redis",
            "dedicated_host_group_id": null,
            "dry_run": null,
            "effective_time": null,
            "enable_backup_log": 0,
            "enable_public": false,
            "encryption_key": null,
            "encryption_name": null,
            "end_time": "",
            "engine_version": "5.0",
            "force_upgrade": true,
            "global_instance": null,
            "global_instance_id": null,
            "id": "r-gs520b7896ef3314",
            "instance_charge_type": "PostPaid",
            "instance_class": "redis.master.micro.default",
            "instance_name": "public-sector-dev-redis",
            "instance_release_protection": false,
            "instance_type": "Redis",
            "is_auto_upgrade_open": "0",
            "kms_encrypted_password": null,
            "kms_encryption_context": null,
            "maintain_end_time": "22:00Z",
            "maintain_start_time": "18:00Z",
            "modify_mode": null,
            "node_type": "double",
            "order_type": "UPGRADE",
            "parameters": [],
            "password": "ChangeMe_Redis_2026!",
            "payment_type": "PostPaid",
            "period": null,
            "port": null,
            "private_connection_port": "6379",
            "private_connection_prefix": null,
            "private_ip": "10.0.1.128",
            "qps": 80000,
            "read_only_count": 0,
            "resource_group_id": "rg-acfnu6dxkblixsy",
            "restore_time": null,
            "role_arn": null,
            "secondary_zone_id": "",
            "security_group_id": "",
            "security_ip_group_attribute": "",
            "security_ip_group_name": "default",
            "security_ips": [
              "10.0.0.0/16"
            ],
            "shard_count": 0,
            "slave_read_only_count": 0,
            "srcdb_instance_id": null,
            "ssl_enable": "Disable",
            "status": "Normal",
            "tags": {
              "Environment": "dev",
              "Project": "public-sector"
            },
            "tde_status": null,
            "timeouts": null,
            "vpc_auth_mode": "Open",
            "vswitch_id": "vsw-t4ncstpexd6k9jexuhg8a",
            "zone_id": "ap-southeast-1c"
          },
          "sensitive_attributes": [
            [
              {
                "type": "get_attr",
                "value": "password"
              }
            ]
          ],
          "identity_schema_version": 0,
          "private": "eyJlMmJmYjczMC1lY2FhLTExZTYtOGY4OC0zNDM2M2JjN2M0YzAiOnsiY3JlYXRlIjoxMjAwMDAwMDAwMDAwLCJkZWxldGUiOjEyMDAwMDAwMDAwMDAsInVwZGF0ZSI6MjQwMDAwMDAwMDAwMH19",
          "dependencies": [
            "alicloud_vpc.main",
            "alicloud_vswitch.main"
          ]
        }
      ]
    },
    {
      "mode": "managed",
      "type": "alicloud_rds_account",
      "name": "admin",
      "provider": "provider[\"registry.terraform.io/aliyun/alicloud\"]",
      "instances": [
        {
          "schema_version": 0,
          "attributes": {
            "account_description": "template1 public schema owner.",
            "account_name": "ps_admin",
            "account_password": "ChangeMe_Pg_2026!",
            "account_type": "Super",
            "check_policy": false,
            "db_instance_id": "pgm-gs51yx3co386tx40",
            "description": "template1 public schema owner.",
            "id": "pgm-gs51yx3co386tx40:ps_admin",
            "instance_id": "pgm-gs51yx3co386tx40",
            "kms_encrypted_password": null,
            "kms_encryption_context": null,
            "name": "ps_admin",
            "password": null,
            "reset_permission_flag": false,
            "status": "Available",
            "timeouts": null,
            "type": "Super"
          },
          "sensitive_attributes": [
            [
              {
                "type": "get_attr",
                "value": "account_password"
              }
            ],
            [
              {
                "type": "get_attr",
                "value": "password"
              }
            ]
          ],
          "identity_schema_version": 0,
          "private": "eyJlMmJmYjczMC1lY2FhLTExZTYtOGY4OC0zNDM2M2JjN2M0YzAiOnsiY3JlYXRlIjoxODAwMDAwMDAwMDAwLCJkZWxldGUiOjMwMDAwMDAwMDAwMCwidXBkYXRlIjozNjAwMDAwMDAwMDB9fQ==",
          "dependencies": [
            "alicloud_db_instance.postgres",
            "alicloud_vpc.main",
            "alicloud_vswitch.main"
          ]
        }
      ]
    },
    {
      "mode": "managed",
      "type": "alicloud_security_group",
      "name": "backend",
      "provider": "provider[\"registry.terraform.io/aliyun/alicloud\"]",
      "instances": [
        {
          "schema_version": 0,
          "attributes": {
            "create_time": "2026-04-13T16:23:17Z",
            "description": "",
            "id": "sg-t4nfft3dg2ljsj74e06l",
            "inner_access": true,
            "inner_access_policy": "Accept",
            "name": "public-sector-dev-backend-sg",
            "resource_group_id": "",
            "security_group_name": "public-sector-dev-backend-sg",
            "security_group_type": "normal",
            "tags": {},
            "timeouts": null,
            "vpc_id": "vpc-t4no85ic4x617rhk452rw"
          },
          "sensitive_attributes": [],
          "identity_schema_version": 0,
          "private": "eyJlMmJmYjczMC1lY2FhLTExZTYtOGY4OC0zNDM2M2JjN2M0YzAiOnsiY3JlYXRlIjozMDAwMDAwMDAwMDAsImRlbGV0ZSI6NjAwMDAwMDAwMDAwLCJ1cGRhdGUiOjMwMDAwMDAwMDAwMH19",
          "dependencies": [
            "alicloud_vpc.main"
          ]
        }
      ]
    },
    {
      "mode": "managed",
      "type": "alicloud_security_group_rule",
      "name": "backend_egress",
      "provider": "provider[\"registry.terraform.io/aliyun/alicloud\"]",
      "instances": [
        {
          "schema_version": 0,
          "attributes": {
            "cidr_ip": "0.0.0.0/0",
            "description": "",
            "id": "sg-t4nfft3dg2ljsj74e06l:egress:all:-1/-1:\u003cnil\u003e:0.0.0.0/0:accept:1",
            "ip_protocol": "all",
            "ipv6_cidr_ip": "",
            "nic_type": "intranet",
            "policy": "accept",
            "port_range": "-1/-1",
            "prefix_list_id": "",
            "priority": 1,
            "security_group_id": "sg-t4nfft3dg2ljsj74e06l",
            "security_group_rule_id": "sgr-t4ncqz8a5hpv88awoqiy",
            "source_group_owner_account": "",
            "source_security_group_id": "",
            "type": "egress"
          },
          "sensitive_attributes": [],
          "identity_schema_version": 0,
          "private": "bnVsbA==",
          "dependencies": [
            "alicloud_security_group.backend",
            "alicloud_vpc.main"
          ]
        }
      ]
    },
    {
      "mode": "managed",
      "type": "alicloud_security_group_rule",
      "name": "backend_http",
      "provider": "provider[\"registry.terraform.io/aliyun/alicloud\"]",
      "instances": [
        {
          "schema_version": 0,
          "attributes": {
            "cidr_ip": "10.0.0.0/16",
            "description": "",
            "id": "sg-t4nfft3dg2ljsj74e06l:ingress:tcp:8000/8000:\u003cnil\u003e:10.0.0.0/16:accept:1",
            "ip_protocol": "tcp",
            "ipv6_cidr_ip": "",
            "nic_type": "intranet",
            "policy": "accept",
            "port_range": "8000/8000",
            "prefix_list_id": "",
            "priority": 1,
            "security_group_id": "sg-t4nfft3dg2ljsj74e06l",
            "security_group_rule_id": "sgr-t4n3863jrjxlhtbwvp1z",
            "source_group_owner_account": "",
            "source_security_group_id": "",
            "type": "ingress"
          },
          "sensitive_attributes": [],
          "identity_schema_version": 0,
          "private": "bnVsbA==",
          "dependencies": [
            "alicloud_security_group.backend",
            "alicloud_vpc.main"
          ]
        }
      ]
    },
    {
      "mode": "managed",
      "type": "alicloud_security_group_rule",
      "name": "backend_ssh",
      "provider": "provider[\"registry.terraform.io/aliyun/alicloud\"]",
      "instances": [
        {
          "schema_version": 0,
          "attributes": {
            "cidr_ip": "0.0.0.0/0",
            "description": "",
            "id": "sg-t4nfft3dg2ljsj74e06l:ingress:tcp:22/22:\u003cnil\u003e:0.0.0.0/0:accept:1",
            "ip_protocol": "tcp",
            "ipv6_cidr_ip": "",
            "nic_type": "intranet",
            "policy": "accept",
            "port_range": "22/22",
            "prefix_list_id": "",
            "priority": 1,
            "security_group_id": "sg-t4nfft3dg2ljsj74e06l",
            "security_group_rule_id": "sgr-t4nhxnqueeea477romrz",
            "source_group_owner_account": "",
            "source_security_group_id": "",
            "type": "ingress"
          },
          "sensitive_attributes": [],
          "identity_schema_version": 0,
          "private": "bnVsbA==",
          "dependencies": [
            "alicloud_security_group.backend",
            "alicloud_vpc.main"
          ]
        }
      ]
    },
    {
      "mode": "managed",
      "type": "alicloud_security_group_rule",
      "name": "backend_vneid",
      "provider": "provider[\"registry.terraform.io/aliyun/alicloud\"]",
      "instances": [
        {
          "schema_version": 0,
          "attributes": {
            "cidr_ip": "10.0.0.0/16",
            "description": "",
            "id": "sg-t4nfft3dg2ljsj74e06l:ingress:tcp:9000/9000:\u003cnil\u003e:10.0.0.0/16:accept:1",
            "ip_protocol": "tcp",
            "ipv6_cidr_ip": "",
            "nic_type": "intranet",
            "policy": "accept",
            "port_range": "9000/9000",
            "prefix_list_id": "",
            "priority": 1,
            "security_group_id": "sg-t4nfft3dg2ljsj74e06l",
            "security_group_rule_id": "sgr-t4n1viu946fgx1vu8fpf",
            "source_group_owner_account": "",
            "source_security_group_id": "",
            "type": "ingress"
          },
          "sensitive_attributes": [],
          "identity_schema_version": 0,
          "private": "bnVsbA==",
          "dependencies": [
            "alicloud_security_group.backend",
            "alicloud_vpc.main"
          ]
        }
      ]
    },
    {
      "mode": "managed",
      "type": "alicloud_slb_backend_server",
      "name": "backend",
      "provider": "provider[\"registry.terraform.io/aliyun/alicloud\"]",
      "instances": [
        {
          "schema_version": 0,
          "attributes": {
            "backend_servers": [
              {
                "server_id": "i-t4n1gsr1cgrpj6dzbspj",
                "server_ip": "",
                "type": "ecs",
                "weight": 100
              }
            ],
            "delete_protection_validation": false,
            "id": "lb-gs5o5iim8ytriwb4ah909",
            "load_balancer_id": "lb-gs5o5iim8ytriwb4ah909"
          },
          "sensitive_attributes": [],
          "identity_schema_version": 0,
          "private": "bnVsbA==",
          "dependencies": [
            "alicloud_db_instance.postgres",
            "alicloud_instance.backend",
            "alicloud_kvstore_instance.redis",
            "alicloud_security_group.backend",
            "alicloud_slb_load_balancer.api",
            "alicloud_vpc.main",
            "alicloud_vswitch.main",
            "data.alicloud_images.ubuntu"
          ]
        }
      ]
    },
    {
      "mode": "managed",
      "type": "alicloud_slb_listener",
      "name": "http",
      "provider": "provider[\"registry.terraform.io/aliyun/alicloud\"]",
      "instances": [
        {
          "schema_version": 0,
          "attributes": {
            "acl_id": null,
            "acl_ids": null,
            "acl_status": "off",
            "acl_type": null,
            "backend_port": 8000,
            "bandwidth": 10,
            "ca_certificate_id": null,
            "cookie": null,
            "cookie_timeout": null,
            "delete_protection_validation": null,
            "description": null,
            "enable_http2": null,
            "established_timeout": null,
            "forward_port": null,
            "frontend_port": 80,
            "gzip": true,
            "health_check": "on",
            "health_check_connect_port": null,
            "health_check_domain": null,
            "health_check_http_code": "http_2xx",
            "health_check_interval": 2,
            "health_check_method": "head",
            "health_check_timeout": 5,
            "health_check_type": "http",
            "health_check_uri": "/docs",
            "healthy_threshold": 3,
            "id": "lb-gs5o5iim8ytriwb4ah909:http:80",
            "idle_timeout": 15,
            "instance_port": null,
            "lb_port": null,
            "lb_protocol": null,
            "listener_forward": "off",
            "load_balancer_id": "lb-gs5o5iim8ytriwb4ah909",
            "master_slave_server_group_id": null,
            "persistence_timeout": null,
            "protocol": "http",
            "proxy_protocol_v2_enabled": null,
            "request_timeout": 60,
            "scheduler": "wrr",
            "server_certificate_id": null,
            "server_group_id": null,
            "ssl_certificate_id": null,
            "sticky_session": "off",
            "sticky_session_type": null,
            "tls_cipher_policy": null,
            "unhealthy_threshold": 3,
            "x_forwarded_for": [
              {
                "retrive_client_ip": true,
                "retrive_slb_id": false,
                "retrive_slb_ip": false,
                "retrive_slb_proto": false
              }
            ]
          },
          "sensitive_attributes": [],
          "identity_schema_version": 0,
          "private": "bnVsbA==",
          "dependencies": [
            "alicloud_slb_load_balancer.api",
            "alicloud_vpc.main",
            "alicloud_vswitch.main"
          ]
        }
      ]
    },
    {
      "mode": "managed",
      "type": "alicloud_slb_listener",
      "name": "vneid",
      "provider": "provider[\"registry.terraform.io/aliyun/alicloud\"]",
      "instances": [
        {
          "schema_version": 0,
          "attributes": {
            "acl_id": null,
            "acl_ids": null,
            "acl_status": "off",
            "acl_type": null,
            "backend_port": 9000,
            "bandwidth": 10,
            "ca_certificate_id": null,
            "cookie": null,
            "cookie_timeout": null,
            "delete_protection_validation": null,
            "description": null,
            "enable_http2": null,
            "established_timeout": null,
            "forward_port": null,
            "frontend_port": 9000,
            "gzip": true,
            "health_check": "on",
            "health_check_connect_port": null,
            "health_check_domain": null,
            "health_check_http_code": "http_2xx",
            "health_check_interval": 2,
            "health_check_method": "get",
            "health_check_timeout": 5,
            "health_check_type": "http",
            "health_check_uri": "/health",
            "healthy_threshold": 3,
            "id": "lb-gs5o5iim8ytriwb4ah909:http:9000",
            "idle_timeout": 15,
            "instance_port": null,
            "lb_port": null,
            "lb_protocol": null,
            "listener_forward": "off",
            "load_balancer_id": "lb-gs5o5iim8ytriwb4ah909",
            "master_slave_server_group_id": null,
            "persistence_timeout": null,
            "protocol": "http",
            "proxy_protocol_v2_enabled": null,
            "request_timeout": 60,
            "scheduler": "wrr",
            "server_certificate_id": null,
            "server_group_id": null,
            "ssl_certificate_id": null,
            "sticky_session": "off",
            "sticky_session_type": null,
            "tls_cipher_policy": null,
            "unhealthy_threshold": 3,
            "x_forwarded_for": [
              {
                "retrive_client_ip": true,
                "retrive_slb_id": false,
                "retrive_slb_ip": false,
                "retrive_slb_proto": false
              }
            ]
          },
          "sensitive_attributes": [],
          "identity_schema_version": 0,
          "private": "bnVsbA==",
          "dependencies": [
            "alicloud_slb_load_balancer.api",
            "alicloud_vpc.main",
            "alicloud_vswitch.main"
          ]
        }
      ]
    },
    {
      "mode": "managed",
      "type": "alicloud_slb_load_balancer",
      "name": "api",
      "provider": "provider[\"registry.terraform.io/aliyun/alicloud\"]",
      "instances": [
        {
          "schema_version": 0,
          "attributes": {
            "address": "43.98.196.158",
            "address_ip_version": "ipv4",
            "address_type": "internet",
            "bandwidth": 5120,
            "delete_protection": "off",
            "id": "lb-gs5o5iim8ytriwb4ah909",
            "instance_charge_type": "PayBySpec",
            "internet": null,
            "internet_charge_type": "PayByTraffic",
            "load_balancer_name": "public-sector-dev-slb",
            "load_balancer_spec": "slb.s1.small",
            "master_zone_id": "ap-southeast-1a",
            "modification_protection_reason": "",
            "modification_protection_status": "NonProtection",
            "name": "public-sector-dev-slb",
            "payment_type": "PayAsYouGo",
            "period": null,
            "resource_group_id": "rg-acfnu6dxkblixsy",
            "slave_zone_id": "ap-southeast-1b",
            "specification": "slb.s1.small",
            "status": "active",
            "tags": {
              "Environment": "dev",
              "Project": "public-sector"
            },
            "timeouts": null,
            "vswitch_id": ""
          },
          "sensitive_attributes": [],
          "identity_schema_version": 0,
          "private": "eyJlMmJmYjczMC1lY2FhLTExZTYtOGY4OC0zNDM2M2JjN2M0YzAiOnsiY3JlYXRlIjozMDAwMDAwMDAwMDAsImRlbGV0ZSI6NTQwMDAwMDAwMDAwfX0=",
          "dependencies": [
            "alicloud_vpc.main",
            "alicloud_vswitch.main"
          ]
        }
      ]
    },
    {
      "mode": "managed",
      "type": "alicloud_vpc",
      "name": "main",
      "provider": "provider[\"registry.terraform.io/aliyun/alicloud\"]",
      "instances": [
        {
          "schema_version": 0,
          "attributes": {
            "cidr_block": "10.0.0.0/16",
            "classic_link_enabled": false,
            "create_time": "2026-04-13T16:23:04Z",
            "description": "",
            "dns_hostname_status": "DISABLED",
            "dry_run": null,
            "enable_ipv6": false,
            "force_delete": null,
            "id": "vpc-t4no85ic4x617rhk452rw",
            "ipv4_cidr_mask": null,
            "ipv4_ipam_pool_id": null,
            "ipv6_cidr_block": "",
            "ipv6_cidr_blocks": [],
            "ipv6_isp": null,
            "is_default": null,
            "name": "public-sector-dev-vpc",
            "region_id": "ap-southeast-1",
            "resource_group_id": "rg-acfnu6dxkblixsy",
            "route_table_id": "vtb-t4n6wr3kodb2yu5iqmk3y",
            "router_id": "vrt-t4no1xaxzgskprfob840d",
            "router_table_id": "vtb-t4n6wr3kodb2yu5iqmk3y",
            "secondary_cidr_blocks": [],
            "secondary_cidr_mask": null,
            "status": "Available",
            "system_route_table_description": "",
            "system_route_table_name": "",
            "system_route_table_route_propagation_enable": true,
            "tags": {},
            "timeouts": null,
            "user_cidrs": [],
            "vpc_name": "public-sector-dev-vpc"
          },
          "sensitive_attributes": [],
          "identity_schema_version": 0,
          "private": "eyJlMmJmYjczMC1lY2FhLTExZTYtOGY4OC0zNDM2M2JjN2M0YzAiOnsiY3JlYXRlIjo2MDAwMDAwMDAwMDAsImRlbGV0ZSI6MzAwMDAwMDAwMDAwLCJ1cGRhdGUiOjMwMDAwMDAwMDAwMH19"
        }
      ]
    },
    {
      "mode": "managed",
      "type": "alicloud_vswitch",
      "name": "main",
      "provider": "provider[\"registry.terraform.io/aliyun/alicloud\"]",
      "instances": [
        {
          "schema_version": 0,
          "attributes": {
            "availability_zone": "ap-southeast-1c",
            "cidr_block": "10.0.1.0/24",
            "create_time": "2026-04-13T16:45:25Z",
            "description": "",
            "enable_ipv6": null,
            "id": "vsw-t4ncstpexd6k9jexuhg8a",
            "ipv6_cidr_block": "",
            "ipv6_cidr_block_mask": null,
            "is_default": null,
            "name": "public-sector-dev-vsw",
            "status": "Available",
            "tags": {},
            "timeouts": null,
            "vpc_id": "vpc-t4no85ic4x617rhk452rw",
            "vswitch_name": "public-sector-dev-vsw",
            "zone_id": "ap-southeast-1c"
          },
          "sensitive_attributes": [],
          "identity_schema_version": 0,
          "private": "eyJlMmJmYjczMC1lY2FhLTExZTYtOGY4OC0zNDM2M2JjN2M0YzAiOnsiY3JlYXRlIjozMDAwMDAwMDAwMDAsImRlbGV0ZSI6NjAwMDAwMDAwMDAwLCJ1cGRhdGUiOjMwMDAwMDAwMDAwMH19",
          "dependencies": [
            "alicloud_vpc.main"
          ]
        }
      ]
    }
  ],
  "check_results": null
}
